PODS:
  - Alamofire (5.4.3)
  - Cache (5.0.0)

DEPENDENCIES:
  - Alamofire (~> 5.4.3)
  - Cache (~> 5.0.0)

SPEC REPOS:
  trunk:
    - Alamofire
    - Cache

SPEC CHECKSUMS:
  Alamofire: e447a2774a40c996748296fa2c55112fdbbc42f9
  Cache: fae4826ba52d7a5d9a3a0ad6fe73e3501a82964f

PODFILE CHECKSUM: cfbd20a994f84efc959f5fa3212e917ac14808ec

COCOAPODS: 1.10.1
