PODS:
  - Alamofire (4.5.1)
  - Cache (4.1.2)

DEPENDENCIES:
  - Alamofire (>= 4.5.1)
  - Cache (>= 4.1.2)

SPEC REPOS:
  https://github.com/CocoaPods/Specs.git:
    - Alamofire
    - Cache

SPEC CHECKSUMS:
  Alamofire: 2d95912bf4c34f164fdfc335872e8c312acaea4a
  Cache: bd0233fc688b5e83a27bcd87807db7e6f23adcc5

PODFILE CHECKSUM: 34003c462e8d83f69b13eef613ba3f196895538c

COCOAPODS: 1.5.0
