// !$*UTF8*$!
{
	archiveVersion = 1;
	classes = {
	};
	objectVersion = 48;
	objects = {

/* Begin PBXBuildFile section */
		583DA142C7E1A6211680552C /* Pods_DaisyNet.framework in Frameworks */ = {isa = PBXBuildFile; fileRef = 95AE222D40B557CF71C08FA8 /* Pods_DaisyNet.framework */; };
		D63F099D1FA605FF00D15881 /* CacheManager.swift in Sources */ = {isa = PBXBuildFile; fileRef = D63F099A1FA605E300D15881 /* CacheManager.swift */; };
		D63F099E1FA605FF00D15881 /* DaisyLog.swift in Sources */ = {isa = PBXBuildFile; fileRef = D63F09971FA605E300D15881 /* DaisyLog.swift */; };
		D63F099F1FA605FF00D15881 /* DaisyNet.swift in Sources */ = {isa = PBXBuildFile; fileRef = D63F09981FA605E300D15881 /* DaisyNet.swift */; };
		D63F09A01FA605FF00D15881 /* DaisyValue.swift in Sources */ = {isa = PBXBuildFile; fileRef = D63F09991FA605E300D15881 /* DaisyValue.swift */; };
		D63F09A11FA605FF00D15881 /* DownloadManager.swift in Sources */ = {isa = PBXBuildFile; fileRef = D63F099B1FA605E400D15881 /* DownloadManager.swift */; };
		D63F09A21FA605FF00D15881 /* RequestManager.swift in Sources */ = {isa = PBXBuildFile; fileRef = D63F099C1FA605E400D15881 /* RequestManager.swift */; };
		D63F09AA1FA6131000D15881 /* CacheKey.swift in Sources */ = {isa = PBXBuildFile; fileRef = D63F09A91FA6131000D15881 /* CacheKey.swift */; };
		D64291191F8CD40900B1CB61 /* AppDelegate.swift in Sources */ = {isa = PBXBuildFile; fileRef = D64291181F8CD40900B1CB61 /* AppDelegate.swift */; };
		D642911B1F8CD40900B1CB61 /* GetViewController.swift in Sources */ = {isa = PBXBuildFile; fileRef = D642911A1F8CD40900B1CB61 /* GetViewController.swift */; };
		D642911E1F8CD40900B1CB61 /* Main.storyboard in Resources */ = {isa = PBXBuildFile; fileRef = D642911C1F8CD40900B1CB61 /* Main.storyboard */; };
		D64291201F8CD40900B1CB61 /* Assets.xcassets in Resources */ = {isa = PBXBuildFile; fileRef = D642911F1F8CD40900B1CB61 /* Assets.xcassets */; };
		D64291231F8CD40900B1CB61 /* LaunchScreen.storyboard in Resources */ = {isa = PBXBuildFile; fileRef = D64291211F8CD40900B1CB61 /* LaunchScreen.storyboard */; };
		D66459BA1F8E0232005D20AE /* MainTableViewController.swift in Sources */ = {isa = PBXBuildFile; fileRef = D66459B91F8E0232005D20AE /* MainTableViewController.swift */; };
		D6F1C4AA1F924D0200C0F079 /* DownloadCell.swift in Sources */ = {isa = PBXBuildFile; fileRef = D6F1C4A81F924D0200C0F079 /* DownloadCell.swift */; };
		D6F1C4AB1F924D0200C0F079 /* DownloadCell.xib in Resources */ = {isa = PBXBuildFile; fileRef = D6F1C4A91F924D0200C0F079 /* DownloadCell.xib */; };
		D6F1C4AD1F9250C600C0F079 /* DownloadTableViewController.swift in Sources */ = {isa = PBXBuildFile; fileRef = D6F1C4AC1F9250C600C0F079 /* DownloadTableViewController.swift */; };
/* End PBXBuildFile section */

/* Begin PBXFileReference section */
		95AE222D40B557CF71C08FA8 /* Pods_DaisyNet.framework */ = {isa = PBXFileReference; explicitFileType = wrapper.framework; includeInIndex = 0; path = Pods_DaisyNet.framework; sourceTree = BUILT_PRODUCTS_DIR; };
		AB132C52F7E42BD59513690F /* Pods-DaisyNet.debug.xcconfig */ = {isa = PBXFileReference; includeInIndex = 1; lastKnownFileType = text.xcconfig; name = "Pods-DaisyNet.debug.xcconfig"; path = "Pods/Target Support Files/Pods-DaisyNet/Pods-DaisyNet.debug.xcconfig"; sourceTree = "<group>"; };
		BF89DB87AE60AFDEF9F9016A /* Pods-DaisyNet.release.xcconfig */ = {isa = PBXFileReference; includeInIndex = 1; lastKnownFileType = text.xcconfig; name = "Pods-DaisyNet.release.xcconfig"; path = "Pods/Target Support Files/Pods-DaisyNet/Pods-DaisyNet.release.xcconfig"; sourceTree = "<group>"; };
		D63F09971FA605E300D15881 /* DaisyLog.swift */ = {isa = PBXFileReference; lastKnownFileType = sourcecode.swift; path = DaisyLog.swift; sourceTree = "<group>"; };
		D63F09981FA605E300D15881 /* DaisyNet.swift */ = {isa = PBXFileReference; lastKnownFileType = sourcecode.swift; path = DaisyNet.swift; sourceTree = "<group>"; };
		D63F09991FA605E300D15881 /* DaisyValue.swift */ = {isa = PBXFileReference; lastKnownFileType = sourcecode.swift; path = DaisyValue.swift; sourceTree = "<group>"; };
		D63F099A1FA605E300D15881 /* CacheManager.swift */ = {isa = PBXFileReference; lastKnownFileType = sourcecode.swift; path = CacheManager.swift; sourceTree = "<group>"; };
		D63F099B1FA605E400D15881 /* DownloadManager.swift */ = {isa = PBXFileReference; lastKnownFileType = sourcecode.swift; path = DownloadManager.swift; sourceTree = "<group>"; };
		D63F099C1FA605E400D15881 /* RequestManager.swift */ = {isa = PBXFileReference; lastKnownFileType = sourcecode.swift; path = RequestManager.swift; sourceTree = "<group>"; };
		D63F09A91FA6131000D15881 /* CacheKey.swift */ = {isa = PBXFileReference; lastKnownFileType = sourcecode.swift; path = CacheKey.swift; sourceTree = "<group>"; };
		D64291151F8CD40900B1CB61 /* DaisyNet.app */ = {isa = PBXFileReference; explicitFileType = wrapper.application; includeInIndex = 0; path = DaisyNet.app; sourceTree = BUILT_PRODUCTS_DIR; };
		D64291181F8CD40900B1CB61 /* AppDelegate.swift */ = {isa = PBXFileReference; lastKnownFileType = sourcecode.swift; path = AppDelegate.swift; sourceTree = "<group>"; };
		D642911A1F8CD40900B1CB61 /* GetViewController.swift */ = {isa = PBXFileReference; lastKnownFileType = sourcecode.swift; path = GetViewController.swift; sourceTree = "<group>"; };
		D642911D1F8CD40900B1CB61 /* Base */ = {isa = PBXFileReference; lastKnownFileType = file.storyboard; name = Base; path = Base.lproj/Main.storyboard; sourceTree = "<group>"; };
		D642911F1F8CD40900B1CB61 /* Assets.xcassets */ = {isa = PBXFileReference; lastKnownFileType = folder.assetcatalog; path = Assets.xcassets; sourceTree = "<group>"; };
		D64291221F8CD40900B1CB61 /* Base */ = {isa = PBXFileReference; lastKnownFileType = file.storyboard; name = Base; path = Base.lproj/LaunchScreen.storyboard; sourceTree = "<group>"; };
		D64291241F8CD40900B1CB61 /* Info.plist */ = {isa = PBXFileReference; lastKnownFileType = text.plist.xml; path = Info.plist; sourceTree = "<group>"; };
		D66459B91F8E0232005D20AE /* MainTableViewController.swift */ = {isa = PBXFileReference; lastKnownFileType = sourcecode.swift; path = MainTableViewController.swift; sourceTree = "<group>"; };
		D6F1C4A81F924D0200C0F079 /* DownloadCell.swift */ = {isa = PBXFileReference; lastKnownFileType = sourcecode.swift; path = DownloadCell.swift; sourceTree = "<group>"; };
		D6F1C4A91F924D0200C0F079 /* DownloadCell.xib */ = {isa = PBXFileReference; lastKnownFileType = file.xib; path = DownloadCell.xib; sourceTree = "<group>"; };
		D6F1C4AC1F9250C600C0F079 /* DownloadTableViewController.swift */ = {isa = PBXFileReference; lastKnownFileType = sourcecode.swift; path = DownloadTableViewController.swift; sourceTree = "<group>"; };
/* End PBXFileReference section */

/* Begin PBXFrameworksBuildPhase section */
		D64291121F8CD40900B1CB61 /* Frameworks */ = {
			isa = PBXFrameworksBuildPhase;
			buildActionMask = 2147483647;
			files = (
				583DA142C7E1A6211680552C /* Pods_DaisyNet.framework in Frameworks */,
			);
			runOnlyForDeploymentPostprocessing = 0;
		};
/* End PBXFrameworksBuildPhase section */

/* Begin PBXGroup section */
		D0A2EEAD7CB63D99256A02DC /* Frameworks */ = {
			isa = PBXGroup;
			children = (
				95AE222D40B557CF71C08FA8 /* Pods_DaisyNet.framework */,
			);
			name = Frameworks;
			sourceTree = "<group>";
		};
		D642910C1F8CD40900B1CB61 = {
			isa = PBXGroup;
			children = (
				D64291171F8CD40900B1CB61 /* DaisyNet */,
				D64291161F8CD40900B1CB61 /* Products */,
				D0A2EEAD7CB63D99256A02DC /* Frameworks */,
				F62C7E39B3177F28CD86C7C8 /* Pods */,
			);
			sourceTree = "<group>";
		};
		D64291161F8CD40900B1CB61 /* Products */ = {
			isa = PBXGroup;
			children = (
				D64291151F8CD40900B1CB61 /* DaisyNet.app */,
			);
			name = Products;
			sourceTree = "<group>";
		};
		D64291171F8CD40900B1CB61 /* DaisyNet */ = {
			isa = PBXGroup;
			children = (
				D642912A1F8CD56500B1CB61 /* DaisyNet */,
				D64291181F8CD40900B1CB61 /* AppDelegate.swift */,
				D66459B91F8E0232005D20AE /* MainTableViewController.swift */,
				D642911A1F8CD40900B1CB61 /* GetViewController.swift */,
				D6F1C4AC1F9250C600C0F079 /* DownloadTableViewController.swift */,
				D6F1C4A81F924D0200C0F079 /* DownloadCell.swift */,
				D6F1C4A91F924D0200C0F079 /* DownloadCell.xib */,
				D642911C1F8CD40900B1CB61 /* Main.storyboard */,
				D642911F1F8CD40900B1CB61 /* Assets.xcassets */,
				D64291211F8CD40900B1CB61 /* LaunchScreen.storyboard */,
				D64291241F8CD40900B1CB61 /* Info.plist */,
			);
			path = DaisyNet;
			sourceTree = "<group>";
		};
		D642912A1F8CD56500B1CB61 /* DaisyNet */ = {
			isa = PBXGroup;
			children = (
				D63F09981FA605E300D15881 /* DaisyNet.swift */,
				D63F099C1FA605E400D15881 /* RequestManager.swift */,
				D63F099B1FA605E400D15881 /* DownloadManager.swift */,
				D63F09991FA605E300D15881 /* DaisyValue.swift */,
				D63F099A1FA605E300D15881 /* CacheManager.swift */,
				D63F09A91FA6131000D15881 /* CacheKey.swift */,
				D63F09971FA605E300D15881 /* DaisyLog.swift */,
			);
			path = DaisyNet;
			sourceTree = "<group>";
		};
		F62C7E39B3177F28CD86C7C8 /* Pods */ = {
			isa = PBXGroup;
			children = (
				AB132C52F7E42BD59513690F /* Pods-DaisyNet.debug.xcconfig */,
				BF89DB87AE60AFDEF9F9016A /* Pods-DaisyNet.release.xcconfig */,
			);
			name = Pods;
			sourceTree = "<group>";
		};
/* End PBXGroup section */

/* Begin PBXNativeTarget section */
		D64291141F8CD40900B1CB61 /* DaisyNet */ = {
			isa = PBXNativeTarget;
			buildConfigurationList = D64291271F8CD40900B1CB61 /* Build configuration list for PBXNativeTarget "DaisyNet" */;
			buildPhases = (
				26D8E86C729C8A4C866014E9 /* [CP] Check Pods Manifest.lock */,
				D64291111F8CD40900B1CB61 /* Sources */,
				D64291121F8CD40900B1CB61 /* Frameworks */,
				D64291131F8CD40900B1CB61 /* Resources */,
				55CB6B018E244431EFDD3B2C /* [CP] Embed Pods Frameworks */,
			);
			buildRules = (
			);
			dependencies = (
			);
			name = DaisyNet;
			productName = DaisyNet;
			productReference = D64291151F8CD40900B1CB61 /* DaisyNet.app */;
			productType = "com.apple.product-type.application";
		};
/* End PBXNativeTarget section */

/* Begin PBXProject section */
		D642910D1F8CD40900B1CB61 /* Project object */ = {
			isa = PBXProject;
			attributes = {
				LastSwiftUpdateCheck = 0900;
				LastUpgradeCheck = 0930;
				ORGANIZATIONNAME = MQZHot;
				TargetAttributes = {
					D64291141F8CD40900B1CB61 = {
						CreatedOnToolsVersion = 9.0;
						LastSwiftMigration = 0900;
						ProvisioningStyle = Automatic;
						SystemCapabilities = {
							com.apple.BackgroundModes = {
								enabled = 0;
							};
						};
					};
				};
			};
			buildConfigurationList = D64291101F8CD40900B1CB61 /* Build configuration list for PBXProject "DaisyNet" */;
			compatibilityVersion = "Xcode 8.0";
			developmentRegion = en;
			hasScannedForEncodings = 0;
			knownRegions = (
				en,
				Base,
			);
			mainGroup = D642910C1F8CD40900B1CB61;
			productRefGroup = D64291161F8CD40900B1CB61 /* Products */;
			projectDirPath = "";
			projectRoot = "";
			targets = (
				D64291141F8CD40900B1CB61 /* DaisyNet */,
			);
		};
/* End PBXProject section */

/* Begin PBXResourcesBuildPhase section */
		D64291131F8CD40900B1CB61 /* Resources */ = {
			isa = PBXResourcesBuildPhase;
			buildActionMask = 2147483647;
			files = (
				D64291231F8CD40900B1CB61 /* LaunchScreen.storyboard in Resources */,
				D6F1C4AB1F924D0200C0F079 /* DownloadCell.xib in Resources */,
				D64291201F8CD40900B1CB61 /* Assets.xcassets in Resources */,
				D642911E1F8CD40900B1CB61 /* Main.storyboard in Resources */,
			);
			runOnlyForDeploymentPostprocessing = 0;
		};
/* End PBXResourcesBuildPhase section */

/* Begin PBXShellScriptBuildPhase section */
		26D8E86C729C8A4C866014E9 /* [CP] Check Pods Manifest.lock */ = {
			isa = PBXShellScriptBuildPhase;
			buildActionMask = 2147483647;
			files = (
			);
			inputPaths = (
				"${PODS_PODFILE_DIR_PATH}/Podfile.lock",
				"${PODS_ROOT}/Manifest.lock",
			);
			name = "[CP] Check Pods Manifest.lock";
			outputPaths = (
				"$(DERIVED_FILE_DIR)/Pods-DaisyNet-checkManifestLockResult.txt",
			);
			runOnlyForDeploymentPostprocessing = 0;
			shellPath = /bin/sh;
			shellScript = "diff \"${PODS_PODFILE_DIR_PATH}/Podfile.lock\" \"${PODS_ROOT}/Manifest.lock\" > /dev/null\nif [ $? != 0 ] ; then\n    # print error to STDERR\n    echo \"error: The sandbox is not in sync with the Podfile.lock. Run 'pod install' or update your CocoaPods installation.\" >&2\n    exit 1\nfi\n# This output is used by Xcode 'outputs' to avoid re-running this script phase.\necho \"SUCCESS\" > \"${SCRIPT_OUTPUT_FILE_0}\"\n";
			showEnvVarsInLog = 0;
		};
		55CB6B018E244431EFDD3B2C /* [CP] Embed Pods Frameworks */ = {
			isa = PBXShellScriptBuildPhase;
			buildActionMask = 2147483647;
			files = (
			);
			inputPaths = (
				"${SRCROOT}/Pods/Target Support Files/Pods-DaisyNet/Pods-DaisyNet-frameworks.sh",
				"${BUILT_PRODUCTS_DIR}/Alamofire/Alamofire.framework",
				"${BUILT_PRODUCTS_DIR}/Cache/Cache.framework",
			);
			name = "[CP] Embed Pods Frameworks";
			outputPaths = (
				"${TARGET_BUILD_DIR}/${FRAMEWORKS_FOLDER_PATH}/Alamofire.framework",
				"${TARGET_BUILD_DIR}/${FRAMEWORKS_FOLDER_PATH}/Cache.framework",
			);
			runOnlyForDeploymentPostprocessing = 0;
			shellPath = /bin/sh;
			shellScript = "\"${SRCROOT}/Pods/Target Support Files/Pods-DaisyNet/Pods-DaisyNet-frameworks.sh\"\n";
			showEnvVarsInLog = 0;
		};
/* End PBXShellScriptBuildPhase section */

/* Begin PBXSourcesBuildPhase section */
		D64291111F8CD40900B1CB61 /* Sources */ = {
			isa = PBXSourcesBuildPhase;
			buildActionMask = 2147483647;
			files = (
				D63F099D1FA605FF00D15881 /* CacheManager.swift in Sources */,
				D63F099E1FA605FF00D15881 /* DaisyLog.swift in Sources */,
				D63F09AA1FA6131000D15881 /* CacheKey.swift in Sources */,
				D63F099F1FA605FF00D15881 /* DaisyNet.swift in Sources */,
				D63F09A01FA605FF00D15881 /* DaisyValue.swift in Sources */,
				D63F09A11FA605FF00D15881 /* DownloadManager.swift in Sources */,
				D63F09A21FA605FF00D15881 /* RequestManager.swift in Sources */,
				D66459BA1F8E0232005D20AE /* MainTableViewController.swift in Sources */,
				D6F1C4AD1F9250C600C0F079 /* DownloadTableViewController.swift in Sources */,
				D642911B1F8CD40900B1CB61 /* GetViewController.swift in Sources */,
				D64291191F8CD40900B1CB61 /* AppDelegate.swift in Sources */,
				D6F1C4AA1F924D0200C0F079 /* DownloadCell.swift in Sources */,
			);
			runOnlyForDeploymentPostprocessing = 0;
		};
/* End PBXSourcesBuildPhase section */

/* Begin PBXVariantGroup section */
		D642911C1F8CD40900B1CB61 /* Main.storyboard */ = {
			isa = PBXVariantGroup;
			children = (
				D642911D1F8CD40900B1CB61 /* Base */,
			);
			name = Main.storyboard;
			sourceTree = "<group>";
		};
		D64291211F8CD40900B1CB61 /* LaunchScreen.storyboard */ = {
			isa = PBXVariantGroup;
			children = (
				D64291221F8CD40900B1CB61 /* Base */,
			);
			name = LaunchScreen.storyboard;
			sourceTree = "<group>";
		};
/* End PBXVariantGroup section */

/* Begin XCBuildConfiguration section */
		D64291251F8CD40900B1CB61 /* Debug */ = {
			isa = XCBuildConfiguration;
			buildSettings = {
				ALWAYS_SEARCH_USER_PATHS = NO;
				CLANG_ANALYZER_NONNULL = YES;
				CLANG_ANALYZER_NUMBER_OBJECT_CONVERSION = YES_AGGRESSIVE;
				CLANG_CXX_LANGUAGE_STANDARD = "gnu++14";
				CLANG_CXX_LIBRARY = "libc++";
				CLANG_ENABLE_MODULES = YES;
				CLANG_ENABLE_OBJC_ARC = YES;
				CLANG_WARN_BLOCK_CAPTURE_AUTORELEASING = YES;
				CLANG_WARN_BOOL_CONVERSION = YES;
				CLANG_WARN_COMMA = YES;
				CLANG_WARN_CONSTANT_CONVERSION = YES;
				CLANG_WARN_DEPRECATED_OBJC_IMPLEMENTATIONS = YES;
				CLANG_WARN_DIRECT_OBJC_ISA_USAGE = YES_ERROR;
				CLANG_WARN_DOCUMENTATION_COMMENTS = YES;
				CLANG_WARN_EMPTY_BODY = YES;
				CLANG_WARN_ENUM_CONVERSION = YES;
				CLANG_WARN_INFINITE_RECURSION = YES;
				CLANG_WARN_INT_CONVERSION = YES;
				CLANG_WARN_NON_LITERAL_NULL_CONVERSION = YES;
				CLANG_WARN_OBJC_IMPLICIT_RETAIN_SELF = YES;
				CLANG_WARN_OBJC_LITERAL_CONVERSION = YES;
				CLANG_WARN_OBJC_ROOT_CLASS = YES_ERROR;
				CLANG_WARN_RANGE_LOOP_ANALYSIS = YES;
				CLANG_WARN_STRICT_PROTOTYPES = YES;
				CLANG_WARN_SUSPICIOUS_MOVE = YES;
				CLANG_WARN_UNGUARDED_AVAILABILITY = YES_AGGRESSIVE;
				CLANG_WARN_UNREACHABLE_CODE = YES;
				CLANG_WARN__DUPLICATE_METHOD_MATCH = YES;
				CODE_SIGN_IDENTITY = "iPhone Developer";
				COPY_PHASE_STRIP = NO;
				DEBUG_INFORMATION_FORMAT = dwarf;
				ENABLE_STRICT_OBJC_MSGSEND = YES;
				ENABLE_TESTABILITY = YES;
				GCC_C_LANGUAGE_STANDARD = gnu11;
				GCC_DYNAMIC_NO_PIC = NO;
				GCC_NO_COMMON_BLOCKS = YES;
				GCC_OPTIMIZATION_LEVEL = 0;
				GCC_PREPROCESSOR_DEFINITIONS = (
					"DEBUG=1",
					"$(inherited)",
				);
				GCC_WARN_64_TO_32_BIT_CONVERSION = YES;
				GCC_WARN_ABOUT_RETURN_TYPE = YES_ERROR;
				GCC_WARN_UNDECLARED_SELECTOR = YES;
				GCC_WARN_UNINITIALIZED_AUTOS = YES_AGGRESSIVE;
				GCC_WARN_UNUSED_FUNCTION = YES;
				GCC_WARN_UNUSED_VARIABLE = YES;
				IPHONEOS_DEPLOYMENT_TARGET = 12.0;
				MTL_ENABLE_DEBUG_INFO = YES;
				ONLY_ACTIVE_ARCH = YES;
				SDKROOT = iphoneos;
				SWIFT_ACTIVE_COMPILATION_CONDITIONS = DEBUG;
				SWIFT_OPTIMIZATION_LEVEL = "-Onone";
				SWIFT_VERSION = "";
			};
			name = Debug;
		};
		D64291261F8CD40900B1CB61 /* Release */ = {
			isa = XCBuildConfiguration;
			buildSettings = {
				ALWAYS_SEARCH_USER_PATHS = NO;
				CLANG_ANALYZER_NONNULL = YES;
				CLANG_ANALYZER_NUMBER_OBJECT_CONVERSION = YES_AGGRESSIVE;
				CLANG_CXX_LANGUAGE_STANDARD = "gnu++14";
				CLANG_CXX_LIBRARY = "libc++";
				CLANG_ENABLE_MODULES = YES;
				CLANG_ENABLE_OBJC_ARC = YES;
				CLANG_WARN_BLOCK_CAPTURE_AUTORELEASING = YES;
				CLANG_WARN_BOOL_CONVERSION = YES;
				CLANG_WARN_COMMA = YES;
				CLANG_WARN_CONSTANT_CONVERSION = YES;
				CLANG_WARN_DEPRECATED_OBJC_IMPLEMENTATIONS = YES;
				CLANG_WARN_DIRECT_OBJC_ISA_USAGE = YES_ERROR;
				CLANG_WARN_DOCUMENTATION_COMMENTS = YES;
				CLANG_WARN_EMPTY_BODY = YES;
				CLANG_WARN_ENUM_CONVERSION = YES;
				CLANG_WARN_INFINITE_RECURSION = YES;
				CLANG_WARN_INT_CONVERSION = YES;
				CLANG_WARN_NON_LITERAL_NULL_CONVERSION = YES;
				CLANG_WARN_OBJC_IMPLICIT_RETAIN_SELF = YES;
				CLANG_WARN_OBJC_LITERAL_CONVERSION = YES;
				CLANG_WARN_OBJC_ROOT_CLASS = YES_ERROR;
				CLANG_WARN_RANGE_LOOP_ANALYSIS = YES;
				CLANG_WARN_STRICT_PROTOTYPES = YES;
				CLANG_WARN_SUSPICIOUS_MOVE = YES;
				CLANG_WARN_UNGUARDED_AVAILABILITY = YES_AGGRESSIVE;
				CLANG_WARN_UNREACHABLE_CODE = YES;
				CLANG_WARN__DUPLICATE_METHOD_MATCH = YES;
				CODE_SIGN_IDENTITY = "iPhone Developer";
				COPY_PHASE_STRIP = NO;
				DEBUG_INFORMATION_FORMAT = "dwarf-with-dsym";
				ENABLE_NS_ASSERTIONS = NO;
				ENABLE_STRICT_OBJC_MSGSEND = YES;
				GCC_C_LANGUAGE_STANDARD = gnu11;
				GCC_NO_COMMON_BLOCKS = YES;
				GCC_WARN_64_TO_32_BIT_CONVERSION = YES;
				GCC_WARN_ABOUT_RETURN_TYPE = YES_ERROR;
				GCC_WARN_UNDECLARED_SELECTOR = YES;
				GCC_WARN_UNINITIALIZED_AUTOS = YES_AGGRESSIVE;
				GCC_WARN_UNUSED_FUNCTION = YES;
				GCC_WARN_UNUSED_VARIABLE = YES;
				IPHONEOS_DEPLOYMENT_TARGET = 12.0;
				MTL_ENABLE_DEBUG_INFO = NO;
				SDKROOT = iphoneos;
				SWIFT_OPTIMIZATION_LEVEL = "-Owholemodule";
				SWIFT_VERSION = "";
				VALIDATE_PRODUCT = YES;
			};
			name = Release;
		};
		D64291281F8CD40900B1CB61 /* Debug */ = {
			isa = XCBuildConfiguration;
			baseConfigurationReference = AB132C52F7E42BD59513690F /* Pods-DaisyNet.debug.xcconfig */;
			buildSettings = {
				ASSETCATALOG_COMPILER_APPICON_NAME = AppIcon;
				CLANG_ENABLE_MODULES = YES;
				CODE_SIGN_STYLE = Automatic;
				DEVELOPMENT_TEAM = 47ZCN2V9UQ;
				INFOPLIST_FILE = DaisyNet/Info.plist;
				IPHONEOS_DEPLOYMENT_TARGET = 8.0;
				LD_RUNPATH_SEARCH_PATHS = "$(inherited) @executable_path/Frameworks";
				PRODUCT_BUNDLE_IDENTIFIER = MQZHot.DaisyNet;
				PRODUCT_NAME = "$(TARGET_NAME)";
				SWIFT_OBJC_BRIDGING_HEADER = "";
				SWIFT_OPTIMIZATION_LEVEL = "-Onone";
				SWIFT_VERSION = 4.0;
				TARGETED_DEVICE_FAMILY = "1,2";
			};
			name = Debug;
		};
		D64291291F8CD40900B1CB61 /* Release */ = {
			isa = XCBuildConfiguration;
			baseConfigurationReference = BF89DB87AE60AFDEF9F9016A /* Pods-DaisyNet.release.xcconfig */;
			buildSettings = {
				ASSETCATALOG_COMPILER_APPICON_NAME = AppIcon;
				CLANG_ENABLE_MODULES = YES;
				CODE_SIGN_STYLE = Automatic;
				DEVELOPMENT_TEAM = 47ZCN2V9UQ;
				INFOPLIST_FILE = DaisyNet/Info.plist;
				IPHONEOS_DEPLOYMENT_TARGET = 8.0;
				LD_RUNPATH_SEARCH_PATHS = "$(inherited) @executable_path/Frameworks";
				PRODUCT_BUNDLE_IDENTIFIER = MQZHot.DaisyNet;
				PRODUCT_NAME = "$(TARGET_NAME)";
				SWIFT_OBJC_BRIDGING_HEADER = "";
				SWIFT_VERSION = 4.0;
				TARGETED_DEVICE_FAMILY = "1,2";
			};
			name = Release;
		};
/* End XCBuildConfiguration section */

/* Begin XCConfigurationList section */
		D64291101F8CD40900B1CB61 /* Build configuration list for PBXProject "DaisyNet" */ = {
			isa = XCConfigurationList;
			buildConfigurations = (
				D64291251F8CD40900B1CB61 /* Debug */,
				D64291261F8CD40900B1CB61 /* Release */,
			);
			defaultConfigurationIsVisible = 0;
			defaultConfigurationName = Release;
		};
		D64291271F8CD40900B1CB61 /* Build configuration list for PBXNativeTarget "DaisyNet" */ = {
			isa = XCConfigurationList;
			buildConfigurations = (
				D64291281F8CD40900B1CB61 /* Debug */,
				D64291291F8CD40900B1CB61 /* Release */,
			);
			defaultConfigurationIsVisible = 0;
			defaultConfigurationName = Release;
		};
/* End XCConfigurationList section */
	};
	rootObject = D642910D1F8CD40900B1CB61 /* Project object */;
}
